// !$*UTF8*$!
{
	archiveVersion = 1;
	classes = {
	};
	objectVersion = 46;
	objects = {

/* Begin PBXBuildFile section */
		631C6A341E99986B00390478 /* MainPageViewController.swift in Sources */ = {isa = PBXBuildFile; fileRef = 631C6A331E99986B00390478 /* MainPageViewController.swift */; };
		631C6A361E999F4200390478 /* SettingsViewController.swift in Sources */ = {isa = PBXBuildFile; fileRef = 631C6A351E999F4200390478 /* SettingsViewController.swift */; };
		631C6A381E999FE500390478 /* DashboardViewController.swift in Sources */ = {isa = PBXBuildFile; fileRef = 631C6A371E999FE500390478 /* DashboardViewController.swift */; };
		631C6A3A1E99A00800390478 /* LapTimeViewController.swift in Sources */ = {isa = PBXBuildFile; fileRef = 631C6A391E99A00800390478 /* LapTimeViewController.swift */; };
		631C6A3C1E99C4DD00390478 /* RunningViewControllerConstraints.swift in Sources */ = {isa = PBXBuildFile; fileRef = 631C6A3B1E99C4DD00390478 /* RunningViewControllerConstraints.swift */; };
		633966991E47549800D43896 /* TotalTimeLabel.swift in Sources */ = {isa = PBXBuildFile; fileRef = 633966981E47549800D43896 /* TotalTimeLabel.swift */; };
		6339669B1E4754EC00D43896 /* TotalTimeLabelTests.swift in Sources */ = {isa = PBXBuildFile; fileRef = 6339669A1E4754EC00D43896 /* TotalTimeLabelTests.swift */; };
		634CACDF1E4BD4AE0064FD5E /* LapTimeTable.swift in Sources */ = {isa = PBXBuildFile; fileRef = 634CACDE1E4BD4AE0064FD5E /* LapTimeTable.swift */; };
		634CACE31E52A80B0064FD5E /* DividerLabel.swift in Sources */ = {isa = PBXBuildFile; fileRef = 634CACE21E52A80B0064FD5E /* DividerLabel.swift */; };
		634CACF01E5C69210064FD5E /* LapTimeTableTests.swift in Sources */ = {isa = PBXBuildFile; fileRef = 634CACEF1E5C69210064FD5E /* LapTimeTableTests.swift */; };
		6369A9011E9C70A400DC3B35 /* TODOLIST.rtf in Resources */ = {isa = PBXBuildFile; fileRef = 6369A9001E9C70A400DC3B35 /* TODOLIST.rtf */; };
		6386BF211E3EC1FC00BD2875 /* TimeToTextService.swift in Sources */ = {isa = PBXBuildFile; fileRef = 6386BF201E3EC1FC00BD2875 /* TimeToTextService.swift */; };
		6386BF231E3ED67E00BD2875 /* TImeToTextServiceTests.swift in Sources */ = {isa = PBXBuildFile; fileRef = 6386BF221E3ED67E00BD2875 /* TImeToTextServiceTests.swift */; };
		6386BF281E421A1300BD2875 /* DataModelTests.swift in Sources */ = {isa = PBXBuildFile; fileRef = 6386BF271E421A1300BD2875 /* DataModelTests.swift */; };
		6386BF2B1E421E5300BD2875 /* DataModelHelpers.swift in Sources */ = {isa = PBXBuildFile; fileRef = 6386BF2A1E421E5300BD2875 /* DataModelHelpers.swift */; };
		6386BF2F1E440EE500BD2875 /* CoreDataService.swift in Sources */ = {isa = PBXBuildFile; fileRef = 6386BF2E1E440EE500BD2875 /* CoreDataService.swift */; };
		6386BF311E44143100BD2875 /* CoreDataService.swift in Sources */ = {isa = PBXBuildFile; fileRef = 6386BF301E44143100BD2875 /* CoreDataService.swift */; };
		6386BF331E45FE9700BD2875 /* RunPersistanceService.swift in Sources */ = {isa = PBXBuildFile; fileRef = 6386BF321E45FE9700BD2875 /* RunPersistanceService.swift */; };
		6386BF351E4602C600BD2875 /* RunPersistanceServiceTests.swift in Sources */ = {isa = PBXBuildFile; fileRef = 6386BF341E4602C600BD2875 /* RunPersistanceServiceTests.swift */; };
		63A3F1EF1E34FE3800AA8A92 /* AppDelegate.swift in Sources */ = {isa = PBXBuildFile; fileRef = 63A3F1EE1E34FE3800AA8A92 /* AppDelegate.swift */; };
		63A3F1F71E34FE3800AA8A92 /* GoTime.xcdatamodeld in Sources */ = {isa = PBXBuildFile; fileRef = 63A3F1F51E34FE3800AA8A92 /* GoTime.xcdatamodeld */; };
		63A3F1F91E34FE3800AA8A92 /* Assets.xcassets in Resources */ = {isa = PBXBuildFile; fileRef = 63A3F1F81E34FE3800AA8A92 /* Assets.xcassets */; };
		63A3F1FC1E34FE3800AA8A92 /* LaunchScreen.storyboard in Resources */ = {isa = PBXBuildFile; fileRef = 63A3F1FA1E34FE3800AA8A92 /* LaunchScreen.storyboard */; };
		63A3F2121E34FE3900AA8A92 /* GoTimeUITests.swift in Sources */ = {isa = PBXBuildFile; fileRef = 63A3F2111E34FE3900AA8A92 /* GoTimeUITests.swift */; };
		63A3F2211E35151600AA8A92 /* SnapKit.framework in Frameworks */ = {isa = PBXBuildFile; fileRef = 63A3F2201E35151600AA8A92 /* SnapKit.framework */; };
		63A3F2291E35355500AA8A92 /* Constants.swift in Sources */ = {isa = PBXBuildFile; fileRef = 63A3F2241E35355500AA8A92 /* Constants.swift */; };
		63A3F22A1E35355500AA8A92 /* MainViewController.swift in Sources */ = {isa = PBXBuildFile; fileRef = 63A3F2251E35355500AA8A92 /* MainViewController.swift */; };
		63A3F22B1E35355500AA8A92 /* MainViewControllerConstraints.swift in Sources */ = {isa = PBXBuildFile; fileRef = 63A3F2261E35355500AA8A92 /* MainViewControllerConstraints.swift */; };
		63A3F22C1E35355500AA8A92 /* StartButton.swift in Sources */ = {isa = PBXBuildFile; fileRef = 63A3F2271E35355500AA8A92 /* StartButton.swift */; };
		63A3F2351E37082100AA8A92 /* MainViewControllerTests.swift in Sources */ = {isa = PBXBuildFile; fileRef = 63A3F2341E37082100AA8A92 /* MainViewControllerTests.swift */; };
		63A3F2381E3AED5D00AA8A92 /* StartButtonTests.swift in Sources */ = {isa = PBXBuildFile; fileRef = 63A3F2371E3AED5D00AA8A92 /* StartButtonTests.swift */; };
		63A3F23B1E3C195400AA8A92 /* StopWatchService.swift in Sources */ = {isa = PBXBuildFile; fileRef = 63A3F23A1E3C195400AA8A92 /* StopWatchService.swift */; };
		63A3F23E1E3D1FFA00AA8A92 /* StopWatchServiceTests.swift in Sources */ = {isa = PBXBuildFile; fileRef = 63A3F23D1E3D1FFA00AA8A92 /* StopWatchServiceTests.swift */; };
		63C65EB21E9A6F55006835E3 /* LapTimeViewControllerConstraints.swift in Sources */ = {isa = PBXBuildFile; fileRef = 63C65EB11E9A6F55006835E3 /* LapTimeViewControllerConstraints.swift */; };
		63C65EB41E9AA88B006835E3 /* LapTimeTableEmptyLabel.swift in Sources */ = {isa = PBXBuildFile; fileRef = 63C65EB31E9AA88B006835E3 /* LapTimeTableEmptyLabel.swift */; };
		63C65EB61E9AF93F006835E3 /* SettingsService.swift in Sources */ = {isa = PBXBuildFile; fileRef = 63C65EB51E9AF93F006835E3 /* SettingsService.swift */; };
		63C65EB81E9B14F4006835E3 /* SettingsTable.swift in Sources */ = {isa = PBXBuildFile; fileRef = 63C65EB71E9B14F4006835E3 /* SettingsTable.swift */; };
		63C65EBA1E9B197D006835E3 /* SettingsTableCell.swift in Sources */ = {isa = PBXBuildFile; fileRef = 63C65EB91E9B197D006835E3 /* SettingsTableCell.swift */; };
		63C65EBC1E9B1DA5006835E3 /* SettingsViewControllerConstraints.swift in Sources */ = {isa = PBXBuildFile; fileRef = 63C65EBB1E9B1DA5006835E3 /* SettingsViewControllerConstraints.swift */; };
		63C9A17C1E74F95C00AB9144 /* DividerLabelTests.swift in Sources */ = {isa = PBXBuildFile; fileRef = 63C9A17B1E74F95C00AB9144 /* DividerLabelTests.swift */; };
		63C9A17E1E7773CF00AB9144 /* LapTimeTableCellTests.swift in Sources */ = {isa = PBXBuildFile; fileRef = 63C9A17D1E7773CF00AB9144 /* LapTimeTableCellTests.swift */; };
		63C9A1801E7D54FA00AB9144 /* TimerHelpTextLabelTests.swift in Sources */ = {isa = PBXBuildFile; fileRef = 63C9A17F1E7D54FA00AB9144 /* TimerHelpTextLabelTests.swift */; };
		63C9A1821E7D55EB00AB9144 /* AnimationServiceTests.swift in Sources */ = {isa = PBXBuildFile; fileRef = 63C9A1811E7D55EB00AB9144 /* AnimationServiceTests.swift */; };
		63C9A1841E7D752500AB9144 /* OpenSettingsButton.swift in Sources */ = {isa = PBXBuildFile; fileRef = 63C9A1831E7D752500AB9144 /* OpenSettingsButton.swift */; };
		63C9A1861E7D7A0800AB9144 /* SettingsButtonTests.swift in Sources */ = {isa = PBXBuildFile; fileRef = 63C9A1851E7D7A0800AB9144 /* SettingsButtonTests.swift */; };
		63C9A1881E7E242B00AB9144 /* SettingsOverlay.swift in Sources */ = {isa = PBXBuildFile; fileRef = 63C9A1871E7E242B00AB9144 /* SettingsOverlay.swift */; };
		63C9A18C1E80C13A00AB9144 /* SettingsOverlayTests.swift in Sources */ = {isa = PBXBuildFile; fileRef = 63C9A18B1E80C13A00AB9144 /* SettingsOverlayTests.swift */; };
		63C9A1901E83544000AB9144 /* FadeOverlayView.swift in Sources */ = {isa = PBXBuildFile; fileRef = 63C9A18F1E83544000AB9144 /* FadeOverlayView.swift */; };
		63C9A1941E87F8D900AB9144 /* VoiceNotificationsButton.swift in Sources */ = {isa = PBXBuildFile; fileRef = 63C9A1931E87F8D900AB9144 /* VoiceNotificationsButton.swift */; };
		63C9A1991E883DA300AB9144 /* UIViewExtension.swift in Sources */ = {isa = PBXBuildFile; fileRef = 63C9A1981E883DA300AB9144 /* UIViewExtension.swift */; };
		63C9A19B1E88445A00AB9144 /* SettingsButton.swift in Sources */ = {isa = PBXBuildFile; fileRef = 63C9A19A1E88445A00AB9144 /* SettingsButton.swift */; };
		63C9A19E1E8844E200AB9144 /* VibrationNotificationsButton.swift in Sources */ = {isa = PBXBuildFile; fileRef = 63C9A19D1E8844E200AB9144 /* VibrationNotificationsButton.swift */; };
		63C9A1A01E88451800AB9144 /* ThemeButton.swift in Sources */ = {isa = PBXBuildFile; fileRef = 63C9A19F1E88451800AB9144 /* ThemeButton.swift */; };
		63C9A1A21E88455900AB9144 /* PreviousLapTimeButton.swift in Sources */ = {isa = PBXBuildFile; fileRef = 63C9A1A11E88455900AB9144 /* PreviousLapTimeButton.swift */; };
		63C9A1A41E8845B400AB9144 /* AverageLapTimeButton.swift in Sources */ = {isa = PBXBuildFile; fileRef = 63C9A1A31E8845B400AB9144 /* AverageLapTimeButton.swift */; };
		63C9A1A61E8845D400AB9144 /* TotalTimeButton.swift in Sources */ = {isa = PBXBuildFile; fileRef = 63C9A1A51E8845D400AB9144 /* TotalTimeButton.swift */; };
		63C9A1A81E8845F500AB9144 /* VibrateOnLapButton.swift in Sources */ = {isa = PBXBuildFile; fileRef = 63C9A1A71E8845F500AB9144 /* VibrateOnLapButton.swift */; };
		63C9A1AA1E88462F00AB9144 /* VibrateOnPauseButton.swift in Sources */ = {isa = PBXBuildFile; fileRef = 63C9A1A91E88462F00AB9144 /* VibrateOnPauseButton.swift */; };
		63C9A1AC1E88465100AB9144 /* VibrateOnClearButton.swift in Sources */ = {isa = PBXBuildFile; fileRef = 63C9A1AB1E88465100AB9144 /* VibrateOnClearButton.swift */; };
		63CB14061E67AD2900F7BC14 /* LapTimeTableCell.swift in Sources */ = {isa = PBXBuildFile; fileRef = 63CB14051E67AD2900F7BC14 /* LapTimeTableCell.swift */; };
		63CB140A1E6D0A6300F7BC14 /* TimerHelpTextLabel.swift in Sources */ = {isa = PBXBuildFile; fileRef = 63CB14091E6D0A6300F7BC14 /* TimerHelpTextLabel.swift */; };
		63CB140C1E6E4E0A00F7BC14 /* AnimationService.swift in Sources */ = {isa = PBXBuildFile; fileRef = 63CB140B1E6E4E0A00F7BC14 /* AnimationService.swift */; };
		63E9BBE01EA07BFD0019FC35 /* SpeechService.swift in Sources */ = {isa = PBXBuildFile; fileRef = 63E9BBDF1EA07BFD0019FC35 /* SpeechService.swift */; };
		63E9BBE21EA301090019FC35 /* DashboardCell.swift in Sources */ = {isa = PBXBuildFile; fileRef = 63E9BBE11EA301090019FC35 /* DashboardCell.swift */; };
		63E9BBE41EA38EFB0019FC35 /* NavigationBar.swift in Sources */ = {isa = PBXBuildFile; fileRef = 63E9BBE31EA38EFB0019FC35 /* NavigationBar.swift */; };
/* End PBXBuildFile section */

/* Begin PBXContainerItemProxy section */
		63A3F2031E34FE3900AA8A92 /* PBXContainerItemProxy */ = {
			isa = PBXContainerItemProxy;
			containerPortal = 63A3F1E31E34FE3800AA8A92 /* Project object */;
			proxyType = 1;
			remoteGlobalIDString = 63A3F1EA1E34FE3800AA8A92;
			remoteInfo = GoTime;
		};
		63A3F20E1E34FE3900AA8A92 /* PBXContainerItemProxy */ = {
			isa = PBXContainerItemProxy;
			containerPortal = 63A3F1E31E34FE3800AA8A92 /* Project object */;
			proxyType = 1;
			remoteGlobalIDString = 63A3F1EA1E34FE3800AA8A92;
			remoteInfo = GoTime;
		};
/* End PBXContainerItemProxy section */

/* Begin PBXFileReference section */
		631C6A331E99986B00390478 /* MainPageViewController.swift */ = {isa = PBXFileReference; fileEncoding = 4; lastKnownFileType = sourcecode.swift; path = MainPageViewController.swift; sourceTree = "<group>"; };
		631C6A351E999F4200390478 /* SettingsViewController.swift */ = {isa = PBXFileReference; fileEncoding = 4; lastKnownFileType = sourcecode.swift; path = SettingsViewController.swift; sourceTree = "<group>"; };
		631C6A371E999FE500390478 /* DashboardViewController.swift */ = {isa = PBXFileReference; fileEncoding = 4; lastKnownFileType = sourcecode.swift; path = DashboardViewController.swift; sourceTree = "<group>"; };
		631C6A391E99A00800390478 /* LapTimeViewController.swift */ = {isa = PBXFileReference; fileEncoding = 4; lastKnownFileType = sourcecode.swift; path = LapTimeViewController.swift; sourceTree = "<group>"; };
		631C6A3B1E99C4DD00390478 /* RunningViewControllerConstraints.swift */ = {isa = PBXFileReference; fileEncoding = 4; lastKnownFileType = sourcecode.swift; path = RunningViewControllerConstraints.swift; sourceTree = "<group>"; };
		633966981E47549800D43896 /* TotalTimeLabel.swift */ = {isa = PBXFileReference; fileEncoding = 4; lastKnownFileType = sourcecode.swift; path = TotalTimeLabel.swift; sourceTree = "<group>"; };
		6339669A1E4754EC00D43896 /* TotalTimeLabelTests.swift */ = {isa = PBXFileReference; fileEncoding = 4; lastKnownFileType = sourcecode.swift; path = TotalTimeLabelTests.swift; sourceTree = "<group>"; };
		634CACDE1E4BD4AE0064FD5E /* LapTimeTable.swift */ = {isa = PBXFileReference; fileEncoding = 4; lastKnownFileType = sourcecode.swift; path = LapTimeTable.swift; sourceTree = "<group>"; };
		634CACE21E52A80B0064FD5E /* DividerLabel.swift */ = {isa = PBXFileReference; fileEncoding = 4; lastKnownFileType = sourcecode.swift; path = DividerLabel.swift; sourceTree = "<group>"; };
		634CACEF1E5C69210064FD5E /* LapTimeTableTests.swift */ = {isa = PBXFileReference; fileEncoding = 4; lastKnownFileType = sourcecode.swift; path = LapTimeTableTests.swift; sourceTree = "<group>"; };
		6369A9001E9C70A400DC3B35 /* TODOLIST.rtf */ = {isa = PBXFileReference; fileEncoding = 4; lastKnownFileType = text.rtf; path = TODOLIST.rtf; sourceTree = "<group>"; };
		6386BF201E3EC1FC00BD2875 /* TimeToTextService.swift */ = {isa = PBXFileReference; fileEncoding = 4; lastKnownFileType = sourcecode.swift; path = TimeToTextService.swift; sourceTree = "<group>"; };
		6386BF221E3ED67E00BD2875 /* TImeToTextServiceTests.swift */ = {isa = PBXFileReference; fileEncoding = 4; lastKnownFileType = sourcecode.swift; path = TImeToTextServiceTests.swift; sourceTree = "<group>"; };
		6386BF271E421A1300BD2875 /* DataModelTests.swift */ = {isa = PBXFileReference; fileEncoding = 4; lastKnownFileType = sourcecode.swift; path = DataModelTests.swift; sourceTree = "<group>"; };
		6386BF2A1E421E5300BD2875 /* DataModelHelpers.swift */ = {isa = PBXFileReference; fileEncoding = 4; lastKnownFileType = sourcecode.swift; path = DataModelHelpers.swift; sourceTree = "<group>"; };
		6386BF2E1E440EE500BD2875 /* CoreDataService.swift */ = {isa = PBXFileReference; fileEncoding = 4; lastKnownFileType = sourcecode.swift; path = CoreDataService.swift; sourceTree = "<group>"; };
		6386BF301E44143100BD2875 /* CoreDataService.swift */ = {isa = PBXFileReference; fileEncoding = 4; lastKnownFileType = sourcecode.swift; path = CoreDataService.swift; sourceTree = "<group>"; };
		6386BF321E45FE9700BD2875 /* RunPersistanceService.swift */ = {isa = PBXFileReference; fileEncoding = 4; lastKnownFileType = sourcecode.swift; path = RunPersistanceService.swift; sourceTree = "<group>"; };
		6386BF341E4602C600BD2875 /* RunPersistanceServiceTests.swift */ = {isa = PBXFileReference; fileEncoding = 4; lastKnownFileType = sourcecode.swift; path = RunPersistanceServiceTests.swift; sourceTree = "<group>"; };
		63A3F1EB1E34FE3800AA8A92 /* GoTime.app */ = {isa = PBXFileReference; explicitFileType = wrapper.application; includeInIndex = 0; path = GoTime.app; sourceTree = BUILT_PRODUCTS_DIR; };
		63A3F1EE1E34FE3800AA8A92 /* AppDelegate.swift */ = {isa = PBXFileReference; lastKnownFileType = sourcecode.swift; path = AppDelegate.swift; sourceTree = "<group>"; };
		63A3F1F61E34FE3800AA8A92 /* GoTime.xcdatamodel */ = {isa = PBXFileReference; lastKnownFileType = wrapper.xcdatamodel; path = GoTime.xcdatamodel; sourceTree = "<group>"; };
		63A3F1F81E34FE3800AA8A92 /* Assets.xcassets */ = {isa = PBXFileReference; lastKnownFileType = folder.assetcatalog; path = Assets.xcassets; sourceTree = "<group>"; };
		63A3F1FB1E34FE3800AA8A92 /* Base */ = {isa = PBXFileReference; lastKnownFileType = file.storyboard; name = Base; path = Base.lproj/LaunchScreen.storyboard; sourceTree = "<group>"; };
		63A3F1FD1E34FE3800AA8A92 /* Info.plist */ = {isa = PBXFileReference; lastKnownFileType = text.plist.xml; path = Info.plist; sourceTree = "<group>"; };
		63A3F2021E34FE3900AA8A92 /* GoTimeTests.xctest */ = {isa = PBXFileReference; explicitFileType = wrapper.cfbundle; includeInIndex = 0; path = GoTimeTests.xctest; sourceTree = BUILT_PRODUCTS_DIR; };
		63A3F2081E34FE3900AA8A92 /* Info.plist */ = {isa = PBXFileReference; lastKnownFileType = text.plist.xml; path = Info.plist; sourceTree = "<group>"; };
		63A3F20D1E34FE3900AA8A92 /* GoTimeUITests.xctest */ = {isa = PBXFileReference; explicitFileType = wrapper.cfbundle; includeInIndex = 0; path = GoTimeUITests.xctest; sourceTree = BUILT_PRODUCTS_DIR; };
		63A3F2111E34FE3900AA8A92 /* GoTimeUITests.swift */ = {isa = PBXFileReference; lastKnownFileType = sourcecode.swift; path = GoTimeUITests.swift; sourceTree = "<group>"; };
		63A3F2131E34FE3900AA8A92 /* Info.plist */ = {isa = PBXFileReference; lastKnownFileType = text.plist.xml; path = Info.plist; sourceTree = "<group>"; };
		63A3F2201E35151600AA8A92 /* SnapKit.framework */ = {isa = PBXFileReference; lastKnownFileType = wrapper.framework; name = SnapKit.framework; path = Carthage/Build/iOS/SnapKit.framework; sourceTree = "<group>"; };
		63A3F2241E35355500AA8A92 /* Constants.swift */ = {isa = PBXFileReference; fileEncoding = 4; lastKnownFileType = sourcecode.swift; path = Constants.swift; sourceTree = "<group>"; };
		63A3F2251E35355500AA8A92 /* MainViewController.swift */ = {isa = PBXFileReference; fileEncoding = 4; lastKnownFileType = sourcecode.swift; path = MainViewController.swift; sourceTree = "<group>"; };
		63A3F2261E35355500AA8A92 /* MainViewControllerConstraints.swift */ = {isa = PBXFileReference; fileEncoding = 4; lastKnownFileType = sourcecode.swift; path = MainViewControllerConstraints.swift; sourceTree = "<group>"; };
		63A3F2271E35355500AA8A92 /* StartButton.swift */ = {isa = PBXFileReference; fileEncoding = 4; lastKnownFileType = sourcecode.swift; path = StartButton.swift; sourceTree = "<group>"; };
		63A3F2341E37082100AA8A92 /* MainViewControllerTests.swift */ = {isa = PBXFileReference; fileEncoding = 4; lastKnownFileType = sourcecode.swift; path = MainViewControllerTests.swift; sourceTree = "<group>"; };
		63A3F2371E3AED5D00AA8A92 /* StartButtonTests.swift */ = {isa = PBXFileReference; fileEncoding = 4; lastKnownFileType = sourcecode.swift; path = StartButtonTests.swift; sourceTree = "<group>"; };
		63A3F23A1E3C195400AA8A92 /* StopWatchService.swift */ = {isa = PBXFileReference; fileEncoding = 4; lastKnownFileType = sourcecode.swift; path = StopWatchService.swift; sourceTree = "<group>"; };
		63A3F23D1E3D1FFA00AA8A92 /* StopWatchServiceTests.swift */ = {isa = PBXFileReference; fileEncoding = 4; lastKnownFileType = sourcecode.swift; path = StopWatchServiceTests.swift; sourceTree = "<group>"; };
		63C65EB11E9A6F55006835E3 /* LapTimeViewControllerConstraints.swift */ = {isa = PBXFileReference; fileEncoding = 4; lastKnownFileType = sourcecode.swift; path = LapTimeViewControllerConstraints.swift; sourceTree = "<group>"; };
		63C65EB31E9AA88B006835E3 /* LapTimeTableEmptyLabel.swift */ = {isa = PBXFileReference; fileEncoding = 4; lastKnownFileType = sourcecode.swift; path = LapTimeTableEmptyLabel.swift; sourceTree = "<group>"; };
		63C65EB51E9AF93F006835E3 /* SettingsService.swift */ = {isa = PBXFileReference; fileEncoding = 4; lastKnownFileType = sourcecode.swift; path = SettingsService.swift; sourceTree = "<group>"; };
		63C65EB71E9B14F4006835E3 /* SettingsTable.swift */ = {isa = PBXFileReference; fileEncoding = 4; lastKnownFileType = sourcecode.swift; path = SettingsTable.swift; sourceTree = "<group>"; };
		63C65EB91E9B197D006835E3 /* SettingsTableCell.swift */ = {isa = PBXFileReference; fileEncoding = 4; lastKnownFileType = sourcecode.swift; path = SettingsTableCell.swift; sourceTree = "<group>"; };
		63C65EBB1E9B1DA5006835E3 /* SettingsViewControllerConstraints.swift */ = {isa = PBXFileReference; fileEncoding = 4; lastKnownFileType = sourcecode.swift; path = SettingsViewControllerConstraints.swift; sourceTree = "<group>"; };
		63C9A17B1E74F95C00AB9144 /* DividerLabelTests.swift */ = {isa = PBXFileReference; fileEncoding = 4; lastKnownFileType = sourcecode.swift; path = DividerLabelTests.swift; sourceTree = "<group>"; };
		63C9A17D1E7773CF00AB9144 /* LapTimeTableCellTests.swift */ = {isa = PBXFileReference; fileEncoding = 4; lastKnownFileType = sourcecode.swift; path = LapTimeTableCellTests.swift; sourceTree = "<group>"; };
		63C9A17F1E7D54FA00AB9144 /* TimerHelpTextLabelTests.swift */ = {isa = PBXFileReference; fileEncoding = 4; lastKnownFileType = sourcecode.swift; path = TimerHelpTextLabelTests.swift; sourceTree = "<group>"; };
		63C9A1811E7D55EB00AB9144 /* AnimationServiceTests.swift */ = {isa = PBXFileReference; fileEncoding = 4; lastKnownFileType = sourcecode.swift; path = AnimationServiceTests.swift; sourceTree = "<group>"; };
		63C9A1831E7D752500AB9144 /* OpenSettingsButton.swift */ = {isa = PBXFileReference; fileEncoding = 4; lastKnownFileType = sourcecode.swift; path = OpenSettingsButton.swift; sourceTree = "<group>"; };
		63C9A1851E7D7A0800AB9144 /* SettingsButtonTests.swift */ = {isa = PBXFileReference; fileEncoding = 4; lastKnownFileType = sourcecode.swift; path = SettingsButtonTests.swift; sourceTree = "<group>"; };
		63C9A1871E7E242B00AB9144 /* SettingsOverlay.swift */ = {isa = PBXFileReference; fileEncoding = 4; lastKnownFileType = sourcecode.swift; path = SettingsOverlay.swift; sourceTree = "<group>"; };
		63C9A18B1E80C13A00AB9144 /* SettingsOverlayTests.swift */ = {isa = PBXFileReference; fileEncoding = 4; lastKnownFileType = sourcecode.swift; path = SettingsOverlayTests.swift; sourceTree = "<group>"; };
		63C9A18F1E83544000AB9144 /* FadeOverlayView.swift */ = {isa = PBXFileReference; fileEncoding = 4; lastKnownFileType = sourcecode.swift; path = FadeOverlayView.swift; sourceTree = "<group>"; };
		63C9A1931E87F8D900AB9144 /* VoiceNotificationsButton.swift */ = {isa = PBXFileReference; fileEncoding = 4; lastKnownFileType = sourcecode.swift; path = VoiceNotificationsButton.swift; sourceTree = "<group>"; };
		63C9A1981E883DA300AB9144 /* UIViewExtension.swift */ = {isa = PBXFileReference; fileEncoding = 4; lastKnownFileType = sourcecode.swift; path = UIViewExtension.swift; sourceTree = "<group>"; };
		63C9A19A1E88445A00AB9144 /* SettingsButton.swift */ = {isa = PBXFileReference; fileEncoding = 4; lastKnownFileType = sourcecode.swift; path = SettingsButton.swift; sourceTree = "<group>"; };
		63C9A19D1E8844E200AB9144 /* VibrationNotificationsButton.swift */ = {isa = PBXFileReference; fileEncoding = 4; lastKnownFileType = sourcecode.swift; path = VibrationNotificationsButton.swift; sourceTree = "<group>"; };
		63C9A19F1E88451800AB9144 /* ThemeButton.swift */ = {isa = PBXFileReference; fileEncoding = 4; lastKnownFileType = sourcecode.swift; path = ThemeButton.swift; sourceTree = "<group>"; };
		63C9A1A11E88455900AB9144 /* PreviousLapTimeButton.swift */ = {isa = PBXFileReference; fileEncoding = 4; lastKnownFileType = sourcecode.swift; path = PreviousLapTimeButton.swift; sourceTree = "<group>"; };
		63C9A1A31E8845B400AB9144 /* AverageLapTimeButton.swift */ = {isa = PBXFileReference; fileEncoding = 4; lastKnownFileType = sourcecode.swift; path = AverageLapTimeButton.swift; sourceTree = "<group>"; };
		63C9A1A51E8845D400AB9144 /* TotalTimeButton.swift */ = {isa = PBXFileReference; fileEncoding = 4; lastKnownFileType = sourcecode.swift; path = TotalTimeButton.swift; sourceTree = "<group>"; };
		63C9A1A71E8845F500AB9144 /* VibrateOnLapButton.swift */ = {isa = PBXFileReference; fileEncoding = 4; lastKnownFileType = sourcecode.swift; path = VibrateOnLapButton.swift; sourceTree = "<group>"; };
		63C9A1A91E88462F00AB9144 /* VibrateOnPauseButton.swift */ = {isa = PBXFileReference; fileEncoding = 4; lastKnownFileType = sourcecode.swift; path = VibrateOnPauseButton.swift; sourceTree = "<group>"; };
		63C9A1AB1E88465100AB9144 /* VibrateOnClearButton.swift */ = {isa = PBXFileReference; fileEncoding = 4; lastKnownFileType = sourcecode.swift; path = VibrateOnClearButton.swift; sourceTree = "<group>"; };
		63CB14051E67AD2900F7BC14 /* LapTimeTableCell.swift */ = {isa = PBXFileReference; fileEncoding = 4; lastKnownFileType = sourcecode.swift; path = LapTimeTableCell.swift; sourceTree = "<group>"; };
		63CB14091E6D0A6300F7BC14 /* TimerHelpTextLabel.swift */ = {isa = PBXFileReference; fileEncoding = 4; lastKnownFileType = sourcecode.swift; path = TimerHelpTextLabel.swift; sourceTree = "<group>"; };
		63CB140B1E6E4E0A00F7BC14 /* AnimationService.swift */ = {isa = PBXFileReference; fileEncoding = 4; lastKnownFileType = sourcecode.swift; path = AnimationService.swift; sourceTree = "<group>"; };
		63E9BBDF1EA07BFD0019FC35 /* SpeechService.swift */ = {isa = PBXFileReference; fileEncoding = 4; lastKnownFileType = sourcecode.swift; path = SpeechService.swift; sourceTree = "<group>"; };
		63E9BBE11EA301090019FC35 /* DashboardCell.swift */ = {isa = PBXFileReference; fileEncoding = 4; lastKnownFileType = sourcecode.swift; path = DashboardCell.swift; sourceTree = "<group>"; };
		63E9BBE31EA38EFB0019FC35 /* NavigationBar.swift */ = {isa = PBXFileReference; fileEncoding = 4; lastKnownFileType = sourcecode.swift; path = NavigationBar.swift; sourceTree = "<group>"; };
/* End PBXFileReference section */

/* Begin PBXFrameworksBuildPhase section */
		63A3F1E81E34FE3800AA8A92 /* Frameworks */ = {
			isa = PBXFrameworksBuildPhase;
			buildActionMask = 2147483647;
			files = (
				63A3F2211E35151600AA8A92 /* SnapKit.framework in Frameworks */,
			);
			runOnlyForDeploymentPostprocessing = 0;
		};
		63A3F1FF1E34FE3900AA8A92 /* Frameworks */ = {
			isa = PBXFrameworksBuildPhase;
			buildActionMask = 2147483647;
			files = (
			);
			runOnlyForDeploymentPostprocessing = 0;
		};
		63A3F20A1E34FE3900AA8A92 /* Frameworks */ = {
			isa = PBXFrameworksBuildPhase;
			buildActionMask = 2147483647;
			files = (
			);
			runOnlyForDeploymentPostprocessing = 0;
		};
/* End PBXFrameworksBuildPhase section */

/* Begin PBXGroup section */
		6386BF291E421E3800BD2875 /* Models */ = {
			isa = PBXGroup;
			children = (
				6386BF271E421A1300BD2875 /* DataModelTests.swift */,
				6386BF2A1E421E5300BD2875 /* DataModelHelpers.swift */,
			);
			name = Models;
			sourceTree = "<group>";
		};
		63A3F1E21E34FE3800AA8A92 = {
			isa = PBXGroup;
			children = (
				63A3F1ED1E34FE3800AA8A92 /* GoTime */,
				63A3F2051E34FE3900AA8A92 /* GoTimeTests */,
				63A3F2101E34FE3900AA8A92 /* GoTimeUITests */,
				63A3F1EC1E34FE3800AA8A92 /* Products */,
				63A3F21F1E35151600AA8A92 /* Frameworks */,
			);
			sourceTree = "<group>";
		};
		63A3F1EC1E34FE3800AA8A92 /* Products */ = {
			isa = PBXGroup;
			children = (
				63A3F1EB1E34FE3800AA8A92 /* GoTime.app */,
				63A3F2021E34FE3900AA8A92 /* GoTimeTests.xctest */,
				63A3F20D1E34FE3900AA8A92 /* GoTimeUITests.xctest */,
			);
			name = Products;
			sourceTree = "<group>";
		};
		63A3F1ED1E34FE3800AA8A92 /* GoTime */ = {
			isa = PBXGroup;
			children = (
				63A3F22E1E35356200AA8A92 /* Components */,
				63A3F22F1E35356B00AA8A92 /* Controllers */,
				63C9A1971E883D8D00AB9144 /* Extensions */,
				63A3F2391E3C194100AA8A92 /* Services */,
				63A3F2321E35363C00AA8A92 /* Storyboards */,
				63A3F2241E35355500AA8A92 /* Constants.swift */,
				63A3F1EE1E34FE3800AA8A92 /* AppDelegate.swift */,
				63A3F1F81E34FE3800AA8A92 /* Assets.xcassets */,
				63A3F1FD1E34FE3800AA8A92 /* Info.plist */,
				63A3F1F51E34FE3800AA8A92 /* GoTime.xcdatamodeld */,
				6369A9001E9C70A400DC3B35 /* TODOLIST.rtf */,
			);
			path = GoTime;
			sourceTree = "<group>";
		};
		63A3F2051E34FE3900AA8A92 /* GoTimeTests */ = {
			isa = PBXGroup;
			children = (
				63A3F2361E3AEC6800AA8A92 /* Components */,
				63A3F2331E37080E00AA8A92 /* Controllers */,
				6386BF291E421E3800BD2875 /* Models */,
				63A3F23C1E3CE75700AA8A92 /* Services */,
				63A3F2081E34FE3900AA8A92 /* Info.plist */,
			);
			path = GoTimeTests;
			sourceTree = "<group>";
		};
		63A3F2101E34FE3900AA8A92 /* GoTimeUITests */ = {
			isa = PBXGroup;
			children = (
				63A3F2111E34FE3900AA8A92 /* GoTimeUITests.swift */,
				63A3F2131E34FE3900AA8A92 /* Info.plist */,
			);
			path = GoTimeUITests;
			sourceTree = "<group>";
		};
		63A3F21F1E35151600AA8A92 /* Frameworks */ = {
			isa = PBXGroup;
			children = (
				63A3F2201E35151600AA8A92 /* SnapKit.framework */,
			);
			name = Frameworks;
			sourceTree = "<group>";
		};
		63A3F22E1E35356200AA8A92 /* Components */ = {
			isa = PBXGroup;
			children = (
				63C9A1AD1E8DD97300AB9144 /* SettingsButtons */,
				63A3F2271E35355500AA8A92 /* StartButton.swift */,
				633966981E47549800D43896 /* TotalTimeLabel.swift */,
				634CACE21E52A80B0064FD5E /* DividerLabel.swift */,
				634CACDE1E4BD4AE0064FD5E /* LapTimeTable.swift */,
				63CB14051E67AD2900F7BC14 /* LapTimeTableCell.swift */,
				63CB14091E6D0A6300F7BC14 /* TimerHelpTextLabel.swift */,
				63C9A1831E7D752500AB9144 /* OpenSettingsButton.swift */,
				63C9A1871E7E242B00AB9144 /* SettingsOverlay.swift */,
				63C9A18F1E83544000AB9144 /* FadeOverlayView.swift */,
				63C9A19A1E88445A00AB9144 /* SettingsButton.swift */,
				63C65EB31E9AA88B006835E3 /* LapTimeTableEmptyLabel.swift */,
				63C65EB71E9B14F4006835E3 /* SettingsTable.swift */,
				63C65EB91E9B197D006835E3 /* SettingsTableCell.swift */,
				63E9BBE11EA301090019FC35 /* DashboardCell.swift */,
				63E9BBE31EA38EFB0019FC35 /* NavigationBar.swift */,
			);
			name = Components;
			sourceTree = "<group>";
		};
		63A3F22F1E35356B00AA8A92 /* Controllers */ = {
			isa = PBXGroup;
			children = (
				63A3F2301E35358400AA8A92 /* Constraints */,
				63A3F2251E35355500AA8A92 /* MainViewController.swift */,
				631C6A331E99986B00390478 /* MainPageViewController.swift */,
				631C6A391E99A00800390478 /* LapTimeViewController.swift */,
				631C6A371E999FE500390478 /* DashboardViewController.swift */,
				631C6A351E999F4200390478 /* SettingsViewController.swift */,
			);
			name = Controllers;
			sourceTree = "<group>";
		};
		63A3F2301E35358400AA8A92 /* Constraints */ = {
			isa = PBXGroup;
			children = (
				63A3F2261E35355500AA8A92 /* MainViewControllerConstraints.swift */,
				63C65EB11E9A6F55006835E3 /* LapTimeViewControllerConstraints.swift */,
				631C6A3B1E99C4DD00390478 /* RunningViewControllerConstraints.swift */,
				63C65EBB1E9B1DA5006835E3 /* SettingsViewControllerConstraints.swift */,
			);
			name = Constraints;
			sourceTree = "<group>";
		};
		63A3F2321E35363C00AA8A92 /* Storyboards */ = {
			isa = PBXGroup;
			children = (
				63A3F1FA1E34FE3800AA8A92 /* LaunchScreen.storyboard */,
			);
			name = Storyboards;
			sourceTree = "<group>";
		};
		63A3F2331E37080E00AA8A92 /* Controllers */ = {
			isa = PBXGroup;
			children = (
				63A3F2341E37082100AA8A92 /* MainViewControllerTests.swift */,
			);
			name = Controllers;
			sourceTree = "<group>";
		};
		63A3F2361E3AEC6800AA8A92 /* Components */ = {
			isa = PBXGroup;
			children = (
				63A3F2371E3AED5D00AA8A92 /* StartButtonTests.swift */,
				6339669A1E4754EC00D43896 /* TotalTimeLabelTests.swift */,
				63C9A17B1E74F95C00AB9144 /* DividerLabelTests.swift */,
				634CACEF1E5C69210064FD5E /* LapTimeTableTests.swift */,
				63C9A17D1E7773CF00AB9144 /* LapTimeTableCellTests.swift */,
				63C9A17F1E7D54FA00AB9144 /* TimerHelpTextLabelTests.swift */,
				63C9A1851E7D7A0800AB9144 /* SettingsButtonTests.swift */,
				63C9A18B1E80C13A00AB9144 /* SettingsOverlayTests.swift */,
			);
			name = Components;
			sourceTree = "<group>";
		};
		63A3F2391E3C194100AA8A92 /* Services */ = {
			isa = PBXGroup;
			children = (
				63A3F23A1E3C195400AA8A92 /* StopWatchService.swift */,
				6386BF201E3EC1FC00BD2875 /* TimeToTextService.swift */,
				6386BF2E1E440EE500BD2875 /* CoreDataService.swift */,
				6386BF321E45FE9700BD2875 /* RunPersistanceService.swift */,
				63CB140B1E6E4E0A00F7BC14 /* AnimationService.swift */,
				63C65EB51E9AF93F006835E3 /* SettingsService.swift */,
				63E9BBDF1EA07BFD0019FC35 /* SpeechService.swift */,
			);
			name = Services;
			sourceTree = "<group>";
		};
		63A3F23C1E3CE75700AA8A92 /* Services */ = {
			isa = PBXGroup;
			children = (
				63A3F23D1E3D1FFA00AA8A92 /* StopWatchServiceTests.swift */,
				6386BF221E3ED67E00BD2875 /* TImeToTextServiceTests.swift */,
				6386BF301E44143100BD2875 /* CoreDataService.swift */,
				6386BF341E4602C600BD2875 /* RunPersistanceServiceTests.swift */,
				63C9A1811E7D55EB00AB9144 /* AnimationServiceTests.swift */,
			);
			name = Services;
			sourceTree = "<group>";
		};
		63C9A1971E883D8D00AB9144 /* Extensions */ = {
			isa = PBXGroup;
			children = (
				63C9A1981E883DA300AB9144 /* UIViewExtension.swift */,
			);
			name = Extensions;
			sourceTree = "<group>";
		};
		63C9A1AD1E8DD97300AB9144 /* SettingsButtons */ = {
			isa = PBXGroup;
			children = (
				63C9A1931E87F8D900AB9144 /* VoiceNotificationsButton.swift */,
				63C9A19D1E8844E200AB9144 /* VibrationNotificationsButton.swift */,
				63C9A19F1E88451800AB9144 /* ThemeButton.swift */,
				63C9A1A11E88455900AB9144 /* PreviousLapTimeButton.swift */,
				63C9A1A31E8845B400AB9144 /* AverageLapTimeButton.swift */,
				63C9A1A51E8845D400AB9144 /* TotalTimeButton.swift */,
				63C9A1A71E8845F500AB9144 /* VibrateOnLapButton.swift */,
				63C9A1A91E88462F00AB9144 /* VibrateOnPauseButton.swift */,
				63C9A1AB1E88465100AB9144 /* VibrateOnClearButton.swift */,
			);
			name = SettingsButtons;
			sourceTree = "<group>";
		};
/* End PBXGroup section */

/* Begin PBXNativeTarget section */
		63A3F1EA1E34FE3800AA8A92 /* GoTime */ = {
			isa = PBXNativeTarget;
			buildConfigurationList = 63A3F2161E34FE3900AA8A92 /* Build configuration list for PBXNativeTarget "GoTime" */;
			buildPhases = (
				63A3F1E71E34FE3800AA8A92 /* Sources */,
				63A3F1E81E34FE3800AA8A92 /* Frameworks */,
				63A3F1E91E34FE3800AA8A92 /* Resources */,
				63A3F2231E3516CB00AA8A92 /* ShellScript */,
			);
			buildRules = (
			);
			dependencies = (
			);
			name = GoTime;
			productName = GoTime;
			productReference = 63A3F1EB1E34FE3800AA8A92 /* GoTime.app */;
			productType = "com.apple.product-type.application";
		};
		63A3F2011E34FE3900AA8A92 /* GoTimeTests */ = {
			isa = PBXNativeTarget;
			buildConfigurationList = 63A3F2191E34FE3900AA8A92 /* Build configuration list for PBXNativeTarget "GoTimeTests" */;
			buildPhases = (
				63A3F1FE1E34FE3900AA8A92 /* Sources */,
				63A3F1FF1E34FE3900AA8A92 /* Frameworks */,
				63A3F2001E34FE3900AA8A92 /* Resources */,
			);
			buildRules = (
			);
			dependencies = (
				63A3F2041E34FE3900AA8A92 /* PBXTargetDependency */,
			);
			name = GoTimeTests;
			productName = GoTimeTests;
			productReference = 63A3F2021E34FE3900AA8A92 /* GoTimeTests.xctest */;
			productType = "com.apple.product-type.bundle.unit-test";
		};
		63A3F20C1E34FE3900AA8A92 /* GoTimeUITests */ = {
			isa = PBXNativeTarget;
			buildConfigurationList = 63A3F21C1E34FE3900AA8A92 /* Build configuration list for PBXNativeTarget "GoTimeUITests" */;
			buildPhases = (
				63A3F2091E34FE3900AA8A92 /* Sources */,
				63A3F20A1E34FE3900AA8A92 /* Frameworks */,
				63A3F20B1E34FE3900AA8A92 /* Resources */,
			);
			buildRules = (
			);
			dependencies = (
				63A3F20F1E34FE3900AA8A92 /* PBXTargetDependency */,
			);
			name = GoTimeUITests;
			productName = GoTimeUITests;
			productReference = 63A3F20D1E34FE3900AA8A92 /* GoTimeUITests.xctest */;
			productType = "com.apple.product-type.bundle.ui-testing";
		};
/* End PBXNativeTarget section */

/* Begin PBXProject section */
		63A3F1E31E34FE3800AA8A92 /* Project object */ = {
			isa = PBXProject;
			attributes = {
				LastSwiftUpdateCheck = 0810;
				LastUpgradeCheck = 0820;
				ORGANIZATIONNAME = "John Keith";
				TargetAttributes = {
					63A3F1EA1E34FE3800AA8A92 = {
						CreatedOnToolsVersion = 8.1;
						DevelopmentTeam = H8RKQ3P369;
						ProvisioningStyle = Automatic;
					};
					63A3F2011E34FE3900AA8A92 = {
						CreatedOnToolsVersion = 8.1;
						DevelopmentTeam = H8RKQ3P369;
						ProvisioningStyle = Automatic;
						TestTargetID = 63A3F1EA1E34FE3800AA8A92;
					};
					63A3F20C1E34FE3900AA8A92 = {
						CreatedOnToolsVersion = 8.1;
						DevelopmentTeam = H8RKQ3P369;
						ProvisioningStyle = Automatic;
						TestTargetID = 63A3F1EA1E34FE3800AA8A92;
					};
				};
			};
			buildConfigurationList = 63A3F1E61E34FE3800AA8A92 /* Build configuration list for PBXProject "GoTime" */;
			compatibilityVersion = "Xcode 3.2";
			developmentRegion = English;
			hasScannedForEncodings = 0;
			knownRegions = (
				en,
				Base,
			);
			mainGroup = 63A3F1E21E34FE3800AA8A92;
			productRefGroup = 63A3F1EC1E34FE3800AA8A92 /* Products */;
			projectDirPath = "";
			projectRoot = "";
			targets = (
				63A3F1EA1E34FE3800AA8A92 /* GoTime */,
				63A3F2011E34FE3900AA8A92 /* GoTimeTests */,
				63A3F20C1E34FE3900AA8A92 /* GoTimeUITests */,
			);
		};
/* End PBXProject section */

/* Begin PBXResourcesBuildPhase section */
		63A3F1E91E34FE3800AA8A92 /* Resources */ = {
			isa = PBXResourcesBuildPhase;
			buildActionMask = 2147483647;
			files = (
				6369A9011E9C70A400DC3B35 /* TODOLIST.rtf in Resources */,
				63A3F1FC1E34FE3800AA8A92 /* LaunchScreen.storyboard in Resources */,
				63A3F1F91E34FE3800AA8A92 /* Assets.xcassets in Resources */,
			);
			runOnlyForDeploymentPostprocessing = 0;
		};
		63A3F2001E34FE3900AA8A92 /* Resources */ = {
			isa = PBXResourcesBuildPhase;
			buildActionMask = 2147483647;
			files = (
			);
			runOnlyForDeploymentPostprocessing = 0;
		};
		63A3F20B1E34FE3900AA8A92 /* Resources */ = {
			isa = PBXResourcesBuildPhase;
			buildActionMask = 2147483647;
			files = (
			);
			runOnlyForDeploymentPostprocessing = 0;
		};
/* End PBXResourcesBuildPhase section */

/* Begin PBXShellScriptBuildPhase section */
		63A3F2231E3516CB00AA8A92 /* ShellScript */ = {
			isa = PBXShellScriptBuildPhase;
			buildActionMask = 2147483647;
			files = (
			);
			inputPaths = (
				"$(SRCROOT)/Carthage/Build/iOS/SnapKit.framework",
			);
			outputPaths = (
			);
			runOnlyForDeploymentPostprocessing = 0;
			shellPath = /bin/sh;
			shellScript = "/usr/local/bin/carthage copy-frameworks";
		};
/* End PBXShellScriptBuildPhase section */

/* Begin PBXSourcesBuildPhase section */
		63A3F1E71E34FE3800AA8A92 /* Sources */ = {
			isa = PBXSourcesBuildPhase;
			buildActionMask = 2147483647;
			files = (
				63A3F22B1E35355500AA8A92 /* MainViewControllerConstraints.swift in Sources */,
				63C9A1941E87F8D900AB9144 /* VoiceNotificationsButton.swift in Sources */,
				631C6A341E99986B00390478 /* MainPageViewController.swift in Sources */,
				63C9A1991E883DA300AB9144 /* UIViewExtension.swift in Sources */,
				63C65EB21E9A6F55006835E3 /* LapTimeViewControllerConstraints.swift in Sources */,
				6386BF331E45FE9700BD2875 /* RunPersistanceService.swift in Sources */,
				63CB140C1E6E4E0A00F7BC14 /* AnimationService.swift in Sources */,
				63C65EB41E9AA88B006835E3 /* LapTimeTableEmptyLabel.swift in Sources */,
				634CACE31E52A80B0064FD5E /* DividerLabel.swift in Sources */,
				631C6A361E999F4200390478 /* SettingsViewController.swift in Sources */,
				63C9A1A41E8845B400AB9144 /* AverageLapTimeButton.swift in Sources */,
				63E9BBE01EA07BFD0019FC35 /* SpeechService.swift in Sources */,
				63C65EBC1E9B1DA5006835E3 /* SettingsViewControllerConstraints.swift in Sources */,
				63A3F1F71E34FE3800AA8A92 /* GoTime.xcdatamodeld in Sources */,
				63C9A1901E83544000AB9144 /* FadeOverlayView.swift in Sources */,
				63C9A1A61E8845D400AB9144 /* TotalTimeButton.swift in Sources */,
				6386BF211E3EC1FC00BD2875 /* TimeToTextService.swift in Sources */,
				63A3F1EF1E34FE3800AA8A92 /* AppDelegate.swift in Sources */,
				63C9A1881E7E242B00AB9144 /* SettingsOverlay.swift in Sources */,
				631C6A3A1E99A00800390478 /* LapTimeViewController.swift in Sources */,
				63C65EB61E9AF93F006835E3 /* SettingsService.swift in Sources */,
				63C9A1A01E88451800AB9144 /* ThemeButton.swift in Sources */,
				63C9A1AC1E88465100AB9144 /* VibrateOnClearButton.swift in Sources */,
				63A3F2291E35355500AA8A92 /* Constants.swift in Sources */,
				63C9A1841E7D752500AB9144 /* OpenSettingsButton.swift in Sources */,
				631C6A381E999FE500390478 /* DashboardViewController.swift in Sources */,
				63A3F22A1E35355500AA8A92 /* MainViewController.swift in Sources */,
				63E9BBE41EA38EFB0019FC35 /* NavigationBar.swift in Sources */,
				63E9BBE21EA301090019FC35 /* DashboardCell.swift in Sources */,
				63A3F22C1E35355500AA8A92 /* StartButton.swift in Sources */,
				6386BF2F1E440EE500BD2875 /* CoreDataService.swift in Sources */,
				63C65EBA1E9B197D006835E3 /* SettingsTableCell.swift in Sources */,
				634CACDF1E4BD4AE0064FD5E /* LapTimeTable.swift in Sources */,
				63CB140A1E6D0A6300F7BC14 /* TimerHelpTextLabel.swift in Sources */,
				633966991E47549800D43896 /* TotalTimeLabel.swift in Sources */,
				63A3F23B1E3C195400AA8A92 /* StopWatchService.swift in Sources */,
				63C9A19E1E8844E200AB9144 /* VibrationNotificationsButton.swift in Sources */,
				63C9A1A21E88455900AB9144 /* PreviousLapTimeButton.swift in Sources */,
				63C65EB81E9B14F4006835E3 /* SettingsTable.swift in Sources */,
				63C9A1AA1E88462F00AB9144 /* VibrateOnPauseButton.swift in Sources */,
				63C9A19B1E88445A00AB9144 /* SettingsButton.swift in Sources */,
				63C9A1A81E8845F500AB9144 /* VibrateOnLapButton.swift in Sources */,
				63CB14061E67AD2900F7BC14 /* LapTimeTableCell.swift in Sources */,
				631C6A3C1E99C4DD00390478 /* RunningViewControllerConstraints.swift in Sources */,
			);
			runOnlyForDeploymentPostprocessing = 0;
		};
		63A3F1FE1E34FE3900AA8A92 /* Sources */ = {
			isa = PBXSourcesBuildPhase;
			buildActionMask = 2147483647;
			files = (
				63C9A1821E7D55EB00AB9144 /* AnimationServiceTests.swift in Sources */,
				6386BF311E44143100BD2875 /* CoreDataService.swift in Sources */,
				63C9A17C1E74F95C00AB9144 /* DividerLabelTests.swift in Sources */,
				6339669B1E4754EC00D43896 /* TotalTimeLabelTests.swift in Sources */,
				63C9A1861E7D7A0800AB9144 /* SettingsButtonTests.swift in Sources */,
				63A3F2381E3AED5D00AA8A92 /* StartButtonTests.swift in Sources */,
				6386BF351E4602C600BD2875 /* RunPersistanceServiceTests.swift in Sources */,
				6386BF2B1E421E5300BD2875 /* DataModelHelpers.swift in Sources */,
				63A3F2351E37082100AA8A92 /* MainViewControllerTests.swift in Sources */,
				63C9A1801E7D54FA00AB9144 /* TimerHelpTextLabelTests.swift in Sources */,
				6386BF281E421A1300BD2875 /* DataModelTests.swift in Sources */,
				63C9A18C1E80C13A00AB9144 /* SettingsOverlayTests.swift in Sources */,
				6386BF231E3ED67E00BD2875 /* TImeToTextServiceTests.swift in Sources */,
				63C9A17E1E7773CF00AB9144 /* LapTimeTableCellTests.swift in Sources */,
				63A3F23E1E3D1FFA00AA8A92 /* StopWatchServiceTests.swift in Sources */,
				634CACF01E5C69210064FD5E /* LapTimeTableTests.swift in Sources */,
			);
			runOnlyForDeploymentPostprocessing = 0;
		};
		63A3F2091E34FE3900AA8A92 /* Sources */ = {
			isa = PBXSourcesBuildPhase;
			buildActionMask = 2147483647;
			files = (
				63A3F2121E34FE3900AA8A92 /* GoTimeUITests.swift in Sources */,
			);
			runOnlyForDeploymentPostprocessing = 0;
		};
/* End PBXSourcesBuildPhase section */

/* Begin PBXTargetDependency section */
		63A3F2041E34FE3900AA8A92 /* PBXTargetDependency */ = {
			isa = PBXTargetDependency;
			target = 63A3F1EA1E34FE3800AA8A92 /* GoTime */;
			targetProxy = 63A3F2031E34FE3900AA8A92 /* PBXContainerItemProxy */;
		};
		63A3F20F1E34FE3900AA8A92 /* PBXTargetDependency */ = {
			isa = PBXTargetDependency;
			target = 63A3F1EA1E34FE3800AA8A92 /* GoTime */;
			targetProxy = 63A3F20E1E34FE3900AA8A92 /* PBXContainerItemProxy */;
		};
/* End PBXTargetDependency section */

/* Begin PBXVariantGroup section */
		63A3F1FA1E34FE3800AA8A92 /* LaunchScreen.storyboard */ = {
			isa = PBXVariantGroup;
			children = (
				63A3F1FB1E34FE3800AA8A92 /* Base */,
			);
			name = LaunchScreen.storyboard;
			sourceTree = "<group>";
		};
/* End PBXVariantGroup section */

/* Begin XCBuildConfiguration section */
		63A3F2141E34FE3900AA8A92 /* Debug */ = {
			isa = XCBuildConfiguration;
			buildSettings = {
				ALWAYS_SEARCH_USER_PATHS = NO;
				CLANG_ANALYZER_NONNULL = YES;
				CLANG_CXX_LANGUAGE_STANDARD = "gnu++0x";
				CLANG_CXX_LIBRARY = "libc++";
				CLANG_ENABLE_MODULES = YES;
				CLANG_ENABLE_OBJC_ARC = YES;
				CLANG_WARN_BOOL_CONVERSION = YES;
				CLANG_WARN_CONSTANT_CONVERSION = YES;
				CLANG_WARN_DIRECT_OBJC_ISA_USAGE = YES_ERROR;
				CLANG_WARN_DOCUMENTATION_COMMENTS = YES;
				CLANG_WARN_EMPTY_BODY = YES;
				CLANG_WARN_ENUM_CONVERSION = YES;
				CLANG_WARN_INFINITE_RECURSION = YES;
				CLANG_WARN_INT_CONVERSION = YES;
				CLANG_WARN_OBJC_ROOT_CLASS = YES_ERROR;
				CLANG_WARN_SUSPICIOUS_MOVE = YES;
				CLANG_WARN_SUSPICIOUS_MOVES = YES;
				CLANG_WARN_UNREACHABLE_CODE = YES;
				CLANG_WARN__DUPLICATE_METHOD_MATCH = YES;
				"CODE_SIGN_IDENTITY[sdk=iphoneos*]" = "iPhone Developer";
				COPY_PHASE_STRIP = NO;
				DEBUG_INFORMATION_FORMAT = dwarf;
				ENABLE_STRICT_OBJC_MSGSEND = YES;
				ENABLE_TESTABILITY = YES;
				GCC_C_LANGUAGE_STANDARD = gnu99;
				GCC_DYNAMIC_NO_PIC = NO;
				GCC_NO_COMMON_BLOCKS = YES;
				GCC_OPTIMIZATION_LEVEL = 0;
				GCC_PREPROCESSOR_DEFINITIONS = (
					"DEBUG=1",
					"$(inherited)",
				);
				GCC_WARN_64_TO_32_BIT_CONVERSION = YES;
				GCC_WARN_ABOUT_RETURN_TYPE = YES_ERROR;
				GCC_WARN_UNDECLARED_SELECTOR = YES;
				GCC_WARN_UNINITIALIZED_AUTOS = YES_AGGRESSIVE;
				GCC_WARN_UNUSED_FUNCTION = YES;
				GCC_WARN_UNUSED_VARIABLE = YES;
				IPHONEOS_DEPLOYMENT_TARGET = 10.1;
				MTL_ENABLE_DEBUG_INFO = YES;
				ONLY_ACTIVE_ARCH = YES;
				SDKROOT = iphoneos;
				SWIFT_ACTIVE_COMPILATION_CONDITIONS = DEBUG;
				SWIFT_OPTIMIZATION_LEVEL = "-Onone";
			};
			name = Debug;
		};
		63A3F2151E34FE3900AA8A92 /* Release */ = {
			isa = XCBuildConfiguration;
			buildSettings = {
				ALWAYS_SEARCH_USER_PATHS = NO;
				CLANG_ANALYZER_NONNULL = YES;
				CLANG_CXX_LANGUAGE_STANDARD = "gnu++0x";
				CLANG_CXX_LIBRARY = "libc++";
				CLANG_ENABLE_MODULES = YES;
				CLANG_ENABLE_OBJC_ARC = YES;
				CLANG_WARN_BOOL_CONVERSION = YES;
				CLANG_WARN_CONSTANT_CONVERSION = YES;
				CLANG_WARN_DIRECT_OBJC_ISA_USAGE = YES_ERROR;
				CLANG_WARN_DOCUMENTATION_COMMENTS = YES;
				CLANG_WARN_EMPTY_BODY = YES;
				CLANG_WARN_ENUM_CONVERSION = YES;
				CLANG_WARN_INFINITE_RECURSION = YES;
				CLANG_WARN_INT_CONVERSION = YES;
				CLANG_WARN_OBJC_ROOT_CLASS = YES_ERROR;
				CLANG_WARN_SUSPICIOUS_MOVE = YES;
				CLANG_WARN_SUSPICIOUS_MOVES = YES;
				CLANG_WARN_UNREACHABLE_CODE = YES;
				CLANG_WARN__DUPLICATE_METHOD_MATCH = YES;
				"CODE_SIGN_IDENTITY[sdk=iphoneos*]" = "iPhone Developer";
				COPY_PHASE_STRIP = NO;
				DEBUG_INFORMATION_FORMAT = "dwarf-with-dsym";
				ENABLE_NS_ASSERTIONS = NO;
				ENABLE_STRICT_OBJC_MSGSEND = YES;
				GCC_C_LANGUAGE_STANDARD = gnu99;
				GCC_NO_COMMON_BLOCKS = YES;
				GCC_WARN_64_TO_32_BIT_CONVERSION = YES;
				GCC_WARN_ABOUT_RETURN_TYPE = YES_ERROR;
				GCC_WARN_UNDECLARED_SELECTOR = YES;
				GCC_WARN_UNINITIALIZED_AUTOS = YES_AGGRESSIVE;
				GCC_WARN_UNUSED_FUNCTION = YES;
				GCC_WARN_UNUSED_VARIABLE = YES;
				IPHONEOS_DEPLOYMENT_TARGET = 10.1;
				MTL_ENABLE_DEBUG_INFO = NO;
				SDKROOT = iphoneos;
				SWIFT_OPTIMIZATION_LEVEL = "-Owholemodule";
				VALIDATE_PRODUCT = YES;
			};
			name = Release;
		};
		63A3F2171E34FE3900AA8A92 /* Debug */ = {
			isa = XCBuildConfiguration;
			buildSettings = {
				ASSETCATALOG_COMPILER_APPICON_NAME = AppIcon;
				DEVELOPMENT_TEAM = H8RKQ3P369;
				FRAMEWORK_SEARCH_PATHS = (
					"$(inherited)",
					"$(PROJECT_DIR)/Carthage/Build/iOS",
				);
				INFOPLIST_FILE = GoTime/Info.plist;
				LD_RUNPATH_SEARCH_PATHS = "$(inherited) @executable_path/Frameworks";
				PRODUCT_BUNDLE_IDENTIFIER = us.johnkeith.GoTime;
				PRODUCT_NAME = "$(TARGET_NAME)";
				SWIFT_VERSION = 3.0;
			};
			name = Debug;
		};
		63A3F2181E34FE3900AA8A92 /* Release */ = {
			isa = XCBuildConfiguration;
			buildSettings = {
				ASSETCATALOG_COMPILER_APPICON_NAME = AppIcon;
				DEVELOPMENT_TEAM = H8RKQ3P369;
				FRAMEWORK_SEARCH_PATHS = (
					"$(inherited)",
					"$(PROJECT_DIR)/Carthage/Build/iOS",
				);
				INFOPLIST_FILE = GoTime/Info.plist;
				LD_RUNPATH_SEARCH_PATHS = "$(inherited) @executable_path/Frameworks";
				PRODUCT_BUNDLE_IDENTIFIER = us.johnkeith.GoTime;
				PRODUCT_NAME = "$(TARGET_NAME)";
				SWIFT_VERSION = 3.0;
			};
			name = Release;
		};
		63A3F21A1E34FE3900AA8A92 /* Debug */ = {
			isa = XCBuildConfiguration;
			buildSettings = {
				ALWAYS_EMBED_SWIFT_STANDARD_LIBRARIES = YES;
				BUNDLE_LOADER = "$(TEST_HOST)";
				DEVELOPMENT_TEAM = H8RKQ3P369;
				INFOPLIST_FILE = GoTimeTests/Info.plist;
				LD_RUNPATH_SEARCH_PATHS = "$(inherited) @executable_path/Frameworks @loader_path/Frameworks";
				PRODUCT_BUNDLE_IDENTIFIER = us.johnkeith.GoTimeTests;
				PRODUCT_NAME = "$(TARGET_NAME)";
				SWIFT_VERSION = 3.0;
				TEST_HOST = "$(BUILT_PRODUCTS_DIR)/GoTime.app/GoTime";
			};
			name = Debug;
		};
		63A3F21B1E34FE3900AA8A92 /* Release */ = {
			isa = XCBuildConfiguration;
			buildSettings = {
				ALWAYS_EMBED_SWIFT_STANDARD_LIBRARIES = YES;
				BUNDLE_LOADER = "$(TEST_HOST)";
				DEVELOPMENT_TEAM = H8RKQ3P369;
				INFOPLIST_FILE = GoTimeTests/Info.plist;
				LD_RUNPATH_SEARCH_PATHS = "$(inherited) @executable_path/Frameworks @loader_path/Frameworks";
				PRODUCT_BUNDLE_IDENTIFIER = us.johnkeith.GoTimeTests;
				PRODUCT_NAME = "$(TARGET_NAME)";
				SWIFT_VERSION = 3.0;
				TEST_HOST = "$(BUILT_PRODUCTS_DIR)/GoTime.app/GoTime";
			};
			name = Release;
		};
		63A3F21D1E34FE3900AA8A92 /* Debug */ = {
			isa = XCBuildConfiguration;
			buildSettings = {
				ALWAYS_EMBED_SWIFT_STANDARD_LIBRARIES = YES;
				DEVELOPMENT_TEAM = H8RKQ3P369;
				INFOPLIST_FILE = GoTimeUITests/Info.plist;
				LD_RUNPATH_SEARCH_PATHS = "$(inherited) @executable_path/Frameworks @loader_path/Frameworks";
				PRODUCT_BUNDLE_IDENTIFIER = us.johnkeith.GoTimeUITests;
				PRODUCT_NAME = "$(TARGET_NAME)";
				SWIFT_VERSION = 3.0;
				TEST_TARGET_NAME = GoTime;
			};
			name = Debug;
		};
		63A3F21E1E34FE3900AA8A92 /* Release */ = {
			isa = XCBuildConfiguration;
			buildSettings = {
				ALWAYS_EMBED_SWIFT_STANDARD_LIBRARIES = YES;
				DEVELOPMENT_TEAM = H8RKQ3P369;
				INFOPLIST_FILE = GoTimeUITests/Info.plist;
				LD_RUNPATH_SEARCH_PATHS = "$(inherited) @executable_path/Frameworks @loader_path/Frameworks";
				PRODUCT_BUNDLE_IDENTIFIER = us.johnkeith.GoTimeUITests;
				PRODUCT_NAME = "$(TARGET_NAME)";
				SWIFT_VERSION = 3.0;
				TEST_TARGET_NAME = GoTime;
			};
			name = Release;
		};
/* End XCBuildConfiguration section */

/* Begin XCConfigurationList section */
		63A3F1E61E34FE3800AA8A92 /* Build configuration list for PBXProject "GoTime" */ = {
			isa = XCConfigurationList;
			buildConfigurations = (
				63A3F2141E34FE3900AA8A92 /* Debug */,
				63A3F2151E34FE3900AA8A92 /* Release */,
			);
			defaultConfigurationIsVisible = 0;
			defaultConfigurationName = Release;
		};
		63A3F2161E34FE3900AA8A92 /* Build configuration list for PBXNativeTarget "GoTime" */ = {
			isa = XCConfigurationList;
			buildConfigurations = (
				63A3F2171E34FE3900AA8A92 /* Debug */,
				63A3F2181E34FE3900AA8A92 /* Release */,
			);
			defaultConfigurationIsVisible = 0;
			defaultConfigurationName = Release;
		};
		63A3F2191E34FE3900AA8A92 /* Build configuration list for PBXNativeTarget "GoTimeTests" */ = {
			isa = XCConfigurationList;
			buildConfigurations = (
				63A3F21A1E34FE3900AA8A92 /* Debug */,
				63A3F21B1E34FE3900AA8A92 /* Release */,
			);
			defaultConfigurationIsVisible = 0;
			defaultConfigurationName = Release;
		};
		63A3F21C1E34FE3900AA8A92 /* Build configuration list for PBXNativeTarget "GoTimeUITests" */ = {
			isa = XCConfigurationList;
			buildConfigurations = (
				63A3F21D1E34FE3900AA8A92 /* Debug */,
				63A3F21E1E34FE3900AA8A92 /* Release */,
			);
			defaultConfigurationIsVisible = 0;
			defaultConfigurationName = Release;
		};
/* End XCConfigurationList section */

/* Begin XCVersionGroup section */
		63A3F1F51E34FE3800AA8A92 /* GoTime.xcdatamodeld */ = {
			isa = XCVersionGroup;
			children = (
				63A3F1F61E34FE3800AA8A92 /* GoTime.xcdatamodel */,
			);
			currentVersion = 63A3F1F61E34FE3800AA8A92 /* GoTime.xcdatamodel */;
			path = GoTime.xcdatamodeld;
			sourceTree = "<group>";
			versionGroupType = wrapper.xcdatamodel;
		};
/* End XCVersionGroup section */
	};
	rootObject = 63A3F1E31E34FE3800AA8A92 /* Project object */;
}
